// !$*UTF8*$!
{
	archiveVersion = 1;
	classes = {
	};
	objectVersion = 56;
	objects = {

/* Begin PBXBuildFile section */
		246AB86A2A9742D700F89453 /* TCASampleApp.swift in Sources */ = {isa = PBXBuildFile; fileRef = 246AB8692A9742D700F89453 /* TCASampleApp.swift */; };
		246AB86C2A9742D700F89453 /* ContentView.swift in Sources */ = {isa = PBXBuildFile; fileRef = 246AB86B2A9742D700F89453 /* ContentView.swift */; };
		246AB86E2A9742DB00F89453 /* Assets.xcassets in Resources */ = {isa = PBXBuildFile; fileRef = 246AB86D2A9742DB00F89453 /* Assets.xcassets */; };
		246AB8712A9742DB00F89453 /* Preview Assets.xcassets in Resources */ = {isa = PBXBuildFile; fileRef = 246AB8702A9742DB00F89453 /* Preview Assets.xcassets */; };
		246AB87B2A9742DB00F89453 /* TCASampleTests.swift in Sources */ = {isa = PBXBuildFile; fileRef = 246AB87A2A9742DB00F89453 /* TCASampleTests.swift */; };
		246AB8852A9742DB00F89453 /* TCASampleUITests.swift in Sources */ = {isa = PBXBuildFile; fileRef = 246AB8842A9742DB00F89453 /* TCASampleUITests.swift */; };
		246AB8872A9742DB00F89453 /* TCASampleUITestsLaunchTests.swift in Sources */ = {isa = PBXBuildFile; fileRef = 246AB8862A9742DB00F89453 /* TCASampleUITestsLaunchTests.swift */; };
		246AB8952A975AF800F89453 /* ComposableArchitecture in Frameworks */ = {isa = PBXBuildFile; productRef = 246AB8942A975AF800F89453 /* ComposableArchitecture */; };
/* End PBXBuildFile section */

/* Begin PBXContainerItemProxy section */
		246AB8772A9742DB00F89453 /* PBXContainerItemProxy */ = {
			isa = PBXContainerItemProxy;
			containerPortal = 246AB85E2A9742D700F89453 /* Project object */;
			proxyType = 1;
			remoteGlobalIDString = 246AB8652A9742D700F89453;
			remoteInfo = TCASample;
		};
		246AB8812A9742DB00F89453 /* PBXContainerItemProxy */ = {
			isa = PBXContainerItemProxy;
			containerPortal = 246AB85E2A9742D700F89453 /* Project object */;
			proxyType = 1;
			remoteGlobalIDString = 246AB8652A9742D700F89453;
			remoteInfo = TCASample;
		};
/* End PBXContainerItemProxy section */

/* Begin PBXFileReference section */
		246AB8662A9742D700F89453 /* TCASample.app */ = {isa = PBXFileReference; explicitFileType = wrapper.application; includeInIndex = 0; path = TCASample.app; sourceTree = BUILT_PRODUCTS_DIR; };
		246AB8692A9742D700F89453 /* TCASampleApp.swift */ = {isa = PBXFileReference; lastKnownFileType = sourcecode.swift; path = TCASampleApp.swift; sourceTree = "<group>"; };
		246AB86B2A9742D700F89453 /* ContentView.swift */ = {isa = PBXFileReference; lastKnownFileType = sourcecode.swift; path = ContentView.swift; sourceTree = "<group>"; };
		246AB86D2A9742DB00F89453 /* Assets.xcassets */ = {isa = PBXFileReference; lastKnownFileType = folder.assetcatalog; path = Assets.xcassets; sourceTree = "<group>"; };
		246AB8702A9742DB00F89453 /* Preview Assets.xcassets */ = {isa = PBXFileReference; lastKnownFileType = folder.assetcatalog; path = "Preview Assets.xcassets"; sourceTree = "<group>"; };
		246AB8762A9742DB00F89453 /* TCASampleTests.xctest */ = {isa = PBXFileReference; explicitFileType = wrapper.cfbundle; includeInIndex = 0; path = TCASampleTests.xctest; sourceTree = BUILT_PRODUCTS_DIR; };
		246AB87A2A9742DB00F89453 /* TCASampleTests.swift */ = {isa = PBXFileReference; lastKnownFileType = sourcecode.swift; path = TCASampleTests.swift; sourceTree = "<group>"; };
		246AB8802A9742DB00F89453 /* TCASampleUITests.xctest */ = {isa = PBXFileReference; explicitFileType = wrapper.cfbundle; includeInIndex = 0; path = TCASampleUITests.xctest; sourceTree = BUILT_PRODUCTS_DIR; };
		246AB8842A9742DB00F89453 /* TCASampleUITests.swift */ = {isa = PBXFileReference; lastKnownFileType = sourcecode.swift; path = TCASampleUITests.swift; sourceTree = "<group>"; };
		246AB8862A9742DB00F89453 /* TCASampleUITestsLaunchTests.swift */ = {isa = PBXFileReference; lastKnownFileType = sourcecode.swift; path = TCASampleUITestsLaunchTests.swift; sourceTree = "<group>"; };
/* End PBXFileReference section */

/* Begin PBXFrameworksBuildPhase section */
		246AB8632A9742D700F89453 /* Frameworks */ = {
			isa = PBXFrameworksBuildPhase;
			buildActionMask = 2147483647;
			files = (
				246AB8952A975AF800F89453 /* ComposableArchitecture in Frameworks */,
			);
			runOnlyForDeploymentPostprocessing = 0;
		};
		246AB8732A9742DB00F89453 /* Frameworks */ = {
			isa = PBXFrameworksBuildPhase;
			buildActionMask = 2147483647;
			files = (
			);
			runOnlyForDeploymentPostprocessing = 0;
		};
		246AB87D2A9742DB00F89453 /* Frameworks */ = {
			isa = PBXFrameworksBuildPhase;
			buildActionMask = 2147483647;
			files = (
			);
			runOnlyForDeploymentPostprocessing = 0;
		};
/* End PBXFrameworksBuildPhase section */

/* Begin PBXGroup section */
		246AB85D2A9742D700F89453 = {
			isa = PBXGroup;
			children = (
				246AB8682A9742D700F89453 /* TCASample */,
				246AB8792A9742DB00F89453 /* TCASampleTests */,
				246AB8832A9742DB00F89453 /* TCASampleUITests */,
				246AB8672A9742D700F89453 /* Products */,
			);
			sourceTree = "<group>";
		};
		246AB8672A9742D700F89453 /* Products */ = {
			isa = PBXGroup;
			children = (
				246AB8662A9742D700F89453 /* TCASample.app */,
				246AB8762A9742DB00F89453 /* TCASampleTests.xctest */,
				246AB8802A9742DB00F89453 /* TCASampleUITests.xctest */,
			);
			name = Products;
			sourceTree = "<group>";
		};
		246AB8682A9742D700F89453 /* TCASample */ = {
			isa = PBXGroup;
			children = (
				246AB8692A9742D700F89453 /* TCASampleApp.swift */,
				246AB86B2A9742D700F89453 /* ContentView.swift */,
				246AB86D2A9742DB00F89453 /* Assets.xcassets */,
				246AB86F2A9742DB00F89453 /* Preview Content */,
			);
			path = TCASample;
			sourceTree = "<group>";
		};
		246AB86F2A9742DB00F89453 /* Preview Content */ = {
			isa = PBXGroup;
			children = (
				246AB8702A9742DB00F89453 /* Preview Assets.xcassets */,
			);
			path = "Preview Content";
			sourceTree = "<group>";
		};
		246AB8792A9742DB00F89453 /* TCASampleTests */ = {
			isa = PBXGroup;
			children = (
				246AB87A2A9742DB00F89453 /* TCASampleTests.swift */,
			);
			path = TCASampleTests;
			sourceTree = "<group>";
		};
		246AB8832A9742DB00F89453 /* TCASampleUITests */ = {
			isa = PBXGroup;
			children = (
				246AB8842A9742DB00F89453 /* TCASampleUITests.swift */,
				246AB8862A9742DB00F89453 /* TCASampleUITestsLaunchTests.swift */,
			);
			path = TCASampleUITests;
			sourceTree = "<group>";
		};
/* End PBXGroup section */

/* Begin PBXNativeTarget section */
		246AB8652A9742D700F89453 /* TCASample */ = {
			isa = PBXNativeTarget;
			buildConfigurationList = 246AB88A2A9742DB00F89453 /* Build configuration list for PBXNativeTarget "TCASample" */;
			buildPhases = (
				246AB8622A9742D700F89453 /* Sources */,
				246AB8632A9742D700F89453 /* Frameworks */,
				246AB8642A9742D700F89453 /* Resources */,
			);
			buildRules = (
			);
			dependencies = (
			);
			name = TCASample;
			packageProductDependencies = (
				246AB8942A975AF800F89453 /* ComposableArchitecture */,
			);
			productName = TCASample;
			productReference = 246AB8662A9742D700F89453 /* TCASample.app */;
			productType = "com.apple.product-type.application";
		};
		246AB8752A9742DB00F89453 /* TCASampleTests */ = {
			isa = PBXNativeTarget;
			buildConfigurationList = 246AB88D2A9742DB00F89453 /* Build configuration list for PBXNativeTarget "TCASampleTests" */;
			buildPhases = (
				246AB8722A9742DB00F89453 /* Sources */,
				246AB8732A9742DB00F89453 /* Frameworks */,
				246AB8742A9742DB00F89453 /* Resources */,
			);
			buildRules = (
			);
			dependencies = (
				246AB8782A9742DB00F89453 /* PBXTargetDependency */,
			);
			name = TCASampleTests;
			productName = TCASampleTests;
			productReference = 246AB8762A9742DB00F89453 /* TCASampleTests.xctest */;
			productType = "com.apple.product-type.bundle.unit-test";
		};
		246AB87F2A9742DB00F89453 /* TCASampleUITests */ = {
			isa = PBXNativeTarget;
			buildConfigurationList = 246AB8902A9742DB00F89453 /* Build configuration list for PBXNativeTarget "TCASampleUITests" */;
			buildPhases = (
				246AB87C2A9742DB00F89453 /* Sources */,
				246AB87D2A9742DB00F89453 /* Frameworks */,
				246AB87E2A9742DB00F89453 /* Resources */,
			);
			buildRules = (
			);
			dependencies = (
				246AB8822A9742DB00F89453 /* PBXTargetDependency */,
			);
			name = TCASampleUITests;
			productName = TCASampleUITests;
			productReference = 246AB8802A9742DB00F89453 /* TCASampleUITests.xctest */;
			productType = "com.apple.product-type.bundle.ui-testing";
		};
/* End PBXNativeTarget section */

/* Begin PBXProject section */
		246AB85E2A9742D700F89453 /* Project object */ = {
			isa = PBXProject;
			attributes = {
				BuildIndependentTargetsInParallel = 1;
				LastSwiftUpdateCheck = 1500;
				LastUpgradeCheck = 1500;
				TargetAttributes = {
					246AB8652A9742D700F89453 = {
						CreatedOnToolsVersion = 15.0;
					};
					246AB8752A9742DB00F89453 = {
						CreatedOnToolsVersion = 15.0;
						TestTargetID = 246AB8652A9742D700F89453;
					};
					246AB87F2A9742DB00F89453 = {
						CreatedOnToolsVersion = 15.0;
						TestTargetID = 246AB8652A9742D700F89453;
					};
				};
			};
			buildConfigurationList = 246AB8612A9742D700F89453 /* Build configuration list for PBXProject "TCASample" */;
			compatibilityVersion = "Xcode 14.0";
			developmentRegion = en;
			hasScannedForEncodings = 0;
			knownRegions = (
				en,
				Base,
			);
			mainGroup = 246AB85D2A9742D700F89453;
			packageReferences = (
				246AB8932A975AF800F89453 /* XCRemoteSwiftPackageReference "swift-composable-architecture" */,
			);
			productRefGroup = 246AB8672A9742D700F89453 /* Products */;
			projectDirPath = "";
			projectRoot = "";
			targets = (
				246AB8652A9742D700F89453 /* TCASample */,
				246AB8752A9742DB00F89453 /* TCASampleTests */,
				246AB87F2A9742DB00F89453 /* TCASampleUITests */,
			);
		};
/* End PBXProject section */

/* Begin PBXResourcesBuildPhase section */
		246AB8642A9742D700F89453 /* Resources */ = {
			isa = PBXResourcesBuildPhase;
			buildActionMask = 2147483647;
			files = (
				246AB8712A9742DB00F89453 /* Preview Assets.xcassets in Resources */,
				246AB86E2A9742DB00F89453 /* Assets.xcassets in Resources */,
			);
			runOnlyForDeploymentPostprocessing = 0;
		};
		246AB8742A9742DB00F89453 /* Resources */ = {
			isa = PBXResourcesBuildPhase;
			buildActionMask = 2147483647;
			files = (
			);
			runOnlyForDeploymentPostprocessing = 0;
		};
		246AB87E2A9742DB00F89453 /* Resources */ = {
			isa = PBXResourcesBuildPhase;
			buildActionMask = 2147483647;
			files = (
			);
			runOnlyForDeploymentPostprocessing = 0;
		};
/* End PBXResourcesBuildPhase section */

/* Begin PBXSourcesBuildPhase section */
		246AB8622A9742D700F89453 /* Sources */ = {
			isa = PBXSourcesBuildPhase;
			buildActionMask = 2147483647;
			files = (
				246AB86C2A9742D700F89453 /* ContentView.swift in Sources */,
				246AB86A2A9742D700F89453 /* TCASampleApp.swift in Sources */,
			);
			runOnlyForDeploymentPostprocessing = 0;
		};
		246AB8722A9742DB00F89453 /* Sources */ = {
			isa = PBXSourcesBuildPhase;
			buildActionMask = 2147483647;
			files = (
				246AB87B2A9742DB00F89453 /* TCASampleTests.swift in Sources */,
			);
			runOnlyForDeploymentPostprocessing = 0;
		};
		246AB87C2A9742DB00F89453 /* Sources */ = {
			isa = PBXSourcesBuildPhase;
			buildActionMask = 2147483647;
			files = (
				246AB8852A9742DB00F89453 /* TCASampleUITests.swift in Sources */,
				246AB8872A9742DB00F89453 /* TCASampleUITestsLaunchTests.swift in Sources */,
			);
			runOnlyForDeploymentPostprocessing = 0;
		};
/* End PBXSourcesBuildPhase section */

/* Begin PBXTargetDependency section */
		246AB8782A9742DB00F89453 /* PBXTargetDependency */ = {
			isa = PBXTargetDependency;
			target = 246AB8652A9742D700F89453 /* TCASample */;
			targetProxy = 246AB8772A9742DB00F89453 /* PBXContainerItemProxy */;
		};
		246AB8822A9742DB00F89453 /* PBXTargetDependency */ = {
			isa = PBXTargetDependency;
			target = 246AB8652A9742D700F89453 /* TCASample */;
			targetProxy = 246AB8812A9742DB00F89453 /* PBXContainerItemProxy */;
		};
/* End PBXTargetDependency section */

/* Begin XCBuildConfiguration section */
		246AB8882A9742DB00F89453 /* Debug */ = {
			isa = XCBuildConfiguration;
			buildSettings = {
				ALWAYS_SEARCH_USER_PATHS = NO;
				ASSETCATALOG_COMPILER_GENERATE_SWIFT_ASSET_SYMBOL_EXTENSIONS = YES;
				CLANG_ANALYZER_NONNULL = YES;
				CLANG_ANALYZER_NUMBER_OBJECT_CONVERSION = YES_AGGRESSIVE;
				CLANG_CXX_LANGUAGE_STANDARD = "gnu++20";
				CLANG_ENABLE_MODULES = YES;
				CLANG_ENABLE_OBJC_ARC = YES;
				CLANG_ENABLE_OBJC_WEAK = YES;
				CLANG_WARN_BLOCK_CAPTURE_AUTORELEASING = YES;
				CLANG_WARN_BOOL_CONVERSION = YES;
				CLANG_WARN_COMMA = YES;
				CLANG_WARN_CONSTANT_CONVERSION = YES;
				CLANG_WARN_DEPRECATED_OBJC_IMPLEMENTATIONS = YES;
				CLANG_WARN_DIRECT_OBJC_ISA_USAGE = YES_ERROR;
				CLANG_WARN_DOCUMENTATION_COMMENTS = YES;
				CLANG_WARN_EMPTY_BODY = YES;
				CLANG_WARN_ENUM_CONVERSION = YES;
				CLANG_WARN_INFINITE_RECURSION = YES;
				CLANG_WARN_INT_CONVERSION = YES;
				CLANG_WARN_NON_LITERAL_NULL_CONVERSION = YES;
				CLANG_WARN_OBJC_IMPLICIT_RETAIN_SELF = YES;
				CLANG_WARN_OBJC_LITERAL_CONVERSION = YES;
				CLANG_WARN_OBJC_ROOT_CLASS = YES_ERROR;
				CLANG_WARN_QUOTED_INCLUDE_IN_FRAMEWORK_HEADER = YES;
				CLANG_WARN_RANGE_LOOP_ANALYSIS = YES;
				CLANG_WARN_STRICT_PROTOTYPES = YES;
				CLANG_WARN_SUSPICIOUS_MOVE = YES;
				CLANG_WARN_UNGUARDED_AVAILABILITY = YES_AGGRESSIVE;
				CLANG_WARN_UNREACHABLE_CODE = YES;
				CLANG_WARN__DUPLICATE_METHOD_MATCH = YES;
				COPY_PHASE_STRIP = NO;
				DEBUG_INFORMATION_FORMAT = dwarf;
				ENABLE_STRICT_OBJC_MSGSEND = YES;
				ENABLE_TESTABILITY = YES;
				ENABLE_USER_SCRIPT_SANDBOXING = YES;
				GCC_C_LANGUAGE_STANDARD = gnu17;
				GCC_DYNAMIC_NO_PIC = NO;
				GCC_NO_COMMON_BLOCKS = YES;
				GCC_OPTIMIZATION_LEVEL = 0;
				GCC_PREPROCESSOR_DEFINITIONS = (
					"DEBUG=1",
					"$(inherited)",
				);
				GCC_WARN_64_TO_32_BIT_CONVERSION = YES;
				GCC_WARN_ABOUT_RETURN_TYPE = YES_ERROR;
				GCC_WARN_UNDECLARED_SELECTOR = YES;
				GCC_WARN_UNINITIALIZED_AUTOS = YES_AGGRESSIVE;
				GCC_WARN_UNUSED_FUNCTION = YES;
				GCC_WARN_UNUSED_VARIABLE = YES;
				IPHONEOS_DEPLOYMENT_TARGET = 17.0;
				LOCALIZATION_PREFERS_STRING_CATALOGS = YES;
				MTL_ENABLE_DEBUG_INFO = INCLUDE_SOURCE;
				MTL_FAST_MATH = YES;
				ONLY_ACTIVE_ARCH = YES;
				SDKROOT = iphoneos;
				SWIFT_ACTIVE_COMPILATION_CONDITIONS = "DEBUG $(inherited)";
				SWIFT_OPTIMIZATION_LEVEL = "-Onone";
			};
			name = Debug;
		};
		246AB8892A9742DB00F89453 /* Release */ = {
			isa = XCBuildConfiguration;
			buildSettings = {
				ALWAYS_SEARCH_USER_PATHS = NO;
				ASSETCATALOG_COMPILER_GENERATE_SWIFT_ASSET_SYMBOL_EXTENSIONS = YES;
				CLANG_ANALYZER_NONNULL = YES;
				CLANG_ANALYZER_NUMBER_OBJECT_CONVERSION = YES_AGGRESSIVE;
				CLANG_CXX_LANGUAGE_STANDARD = "gnu++20";
				CLANG_ENABLE_MODULES = YES;
				CLANG_ENABLE_OBJC_ARC = YES;
				CLANG_ENABLE_OBJC_WEAK = YES;
				CLANG_WARN_BLOCK_CAPTURE_AUTORELEASING = YES;
				CLANG_WARN_BOOL_CONVERSION = YES;
				CLANG_WARN_COMMA = YES;
				CLANG_WARN_CONSTANT_CONVERSION = YES;
				CLANG_WARN_DEPRECATED_OBJC_IMPLEMENTATIONS = YES;
				CLANG_WARN_DIRECT_OBJC_ISA_USAGE = YES_ERROR;
				CLANG_WARN_DOCUMENTATION_COMMENTS = YES;
				CLANG_WARN_EMPTY_BODY = YES;
				CLANG_WARN_ENUM_CONVERSION = YES;
				CLANG_WARN_INFINITE_RECURSION = YES;
				CLANG_WARN_INT_CONVERSION = YES;
				CLANG_WARN_NON_LITERAL_NULL_CONVERSION = YES;
				CLANG_WARN_OBJC_IMPLICIT_RETAIN_SELF = YES;
				CLANG_WARN_OBJC_LITERAL_CONVERSION = YES;
				CLANG_WARN_OBJC_ROOT_CLASS = YES_ERROR;
				CLANG_WARN_QUOTED_INCLUDE_IN_FRAMEWORK_HEADER = YES;
				CLANG_WARN_RANGE_LOOP_ANALYSIS = YES;
				CLANG_WARN_STRICT_PROTOTYPES = YES;
				CLANG_WARN_SUSPICIOUS_MOVE = YES;
				CLANG_WARN_UNGUARDED_AVAILABILITY = YES_AGGRESSIVE;
				CLANG_WARN_UNREACHABLE_CODE = YES;
				CLANG_WARN__DUPLICATE_METHOD_MATCH = YES;
				COPY_PHASE_STRIP = NO;
				DEBUG_INFORMATION_FORMAT = "dwarf-with-dsym";
				ENABLE_NS_ASSERTIONS = NO;
				ENABLE_STRICT_OBJC_MSGSEND = YES;
				ENABLE_USER_SCRIPT_SANDBOXING = YES;
				GCC_C_LANGUAGE_STANDARD = gnu17;
				GCC_NO_COMMON_BLOCKS = YES;
				GCC_WARN_64_TO_32_BIT_CONVERSION = YES;
				GCC_WARN_ABOUT_RETURN_TYPE = YES_ERROR;
				GCC_WARN_UNDECLARED_SELECTOR = YES;
				GCC_WARN_UNINITIALIZED_AUTOS = YES_AGGRESSIVE;
				GCC_WARN_UNUSED_FUNCTION = YES;
				GCC_WARN_UNUSED_VARIABLE = YES;
				IPHONEOS_DEPLOYMENT_TARGET = 17.0;
				LOCALIZATION_PREFERS_STRING_CATALOGS = YES;
				MTL_ENABLE_DEBUG_INFO = NO;
				MTL_FAST_MATH = YES;
				SDKROOT = iphoneos;
				SWIFT_COMPILATION_MODE = wholemodule;
				VALIDATE_PRODUCT = YES;
			};
			name = Release;
		};
		246AB88B2A9742DB00F89453 /* Debug */ = {
			isa = XCBuildConfiguration;
			buildSettings = {
				ASSETCATALOG_COMPILER_APPICON_NAME = AppIcon;
				ASSETCATALOG_COMPILER_GLOBAL_ACCENT_COLOR_NAME = AccentColor;
				CODE_SIGN_STYLE = Automatic;
				CURRENT_PROJECT_VERSION = 1;
				DEVELOPMENT_ASSET_PATHS = "\"TCASample/Preview Content\"";
				DEVELOPMENT_TEAM = P6K8M6RQ2W;
				ENABLE_PREVIEWS = YES;
				GENERATE_INFOPLIST_FILE = YES;
				INFOPLIST_KEY_UIApplicationSceneManifest_Generation = YES;
				INFOPLIST_KEY_UIApplicationSupportsIndirectInputEvents = YES;
				INFOPLIST_KEY_UILaunchScreen_Generation = YES;
				INFOPLIST_KEY_UISupportedInterfaceOrientations_iPad = "UIInterfaceOrientationPortrait UIInterfaceOrientationPortraitUpsideDown UIInterfaceOrientationLandscapeLeft UIInterfaceOrientationLandscapeRight";
				INFOPLIST_KEY_UISupportedInterfaceOrientations_iPhone = "UIInterfaceOrientationPortrait UIInterfaceOrientationLandscapeLeft UIInterfaceOrientationLandscapeRight";
				LD_RUNPATH_SEARCH_PATHS = (
					"$(inherited)",
					"@executable_path/Frameworks",
				);
				MARKETING_VERSION = 1.0;
				PRODUCT_BUNDLE_IDENTIFIER = com.r.t.astronomy.TCASample;
				PRODUCT_NAME = "$(TARGET_NAME)";
				SWIFT_EMIT_LOC_STRINGS = YES;
				SWIFT_VERSION = 5.0;
				TARGETED_DEVICE_FAMILY = "1,2";
			};
			name = Debug;
		};
		246AB88C2A9742DB00F89453 /* Release */ = {
			isa = XCBuildConfiguration;
			buildSettings = {
				ASSETCATALOG_COMPILER_APPICON_NAME = AppIcon;
				ASSETCATALOG_COMPILER_GLOBAL_ACCENT_COLOR_NAME = AccentColor;
				CODE_SIGN_STYLE = Automatic;
				CURRENT_PROJECT_VERSION = 1;
				DEVELOPMENT_ASSET_PATHS = "\"TCASample/Preview Content\"";
				DEVELOPMENT_TEAM = P6K8M6RQ2W;
				ENABLE_PREVIEWS = YES;
				GENERATE_INFOPLIST_FILE = YES;
				INFOPLIST_KEY_UIApplicationSceneManifest_Generation = YES;
				INFOPLIST_KEY_UIApplicationSupportsIndirectInputEvents = YES;
				INFOPLIST_KEY_UILaunchScreen_Generation = YES;
				INFOPLIST_KEY_UISupportedInterfaceOrientations_iPad = "UIInterfaceOrientationPortrait UIInterfaceOrientationPortraitUpsideDown UIInterfaceOrientationLandscapeLeft UIInterfaceOrientationLandscapeRight";
				INFOPLIST_KEY_UISupportedInterfaceOrientations_iPhone = "UIInterfaceOrientationPortrait UIInterfaceOrientationLandscapeLeft UIInterfaceOrientationLandscapeRight";
				LD_RUNPATH_SEARCH_PATHS = (
					"$(inherited)",
					"@executable_path/Frameworks",
				);
				MARKETING_VERSION = 1.0;
				PRODUCT_BUNDLE_IDENTIFIER = com.r.t.astronomy.TCASample;
				PRODUCT_NAME = "$(TARGET_NAME)";
				SWIFT_EMIT_LOC_STRINGS = YES;
				SWIFT_VERSION = 5.0;
				TARGETED_DEVICE_FAMILY = "1,2";
			};
			name = Release;
		};
		246AB88E2A9742DB00F89453 /* Debug */ = {
			isa = XCBuildConfiguration;
			buildSettings = {
				ALWAYS_EMBED_SWIFT_STANDARD_LIBRARIES = YES;
				BUNDLE_LOADER = "$(TEST_HOST)";
				CODE_SIGN_STYLE = Automatic;
				CURRENT_PROJECT_VERSION = 1;
				DEVELOPMENT_TEAM = P6K8M6RQ2W;
				GENERATE_INFOPLIST_FILE = YES;
				IPHONEOS_DEPLOYMENT_TARGET = 17.0;
				MARKETING_VERSION = 1.0;
				PRODUCT_BUNDLE_IDENTIFIER = com.r.t.astronomy.TCASampleTests;
				PRODUCT_NAME = "$(TARGET_NAME)";
				SWIFT_EMIT_LOC_STRINGS = NO;
				SWIFT_VERSION = 5.0;
				TARGETED_DEVICE_FAMILY = "1,2";
				TEST_HOST = "$(BUILT_PRODUCTS_DIR)/TCASample.app/$(BUNDLE_EXECUTABLE_FOLDER_PATH)/TCASample";
			};
			name = Debug;
		};
		246AB88F2A9742DB00F89453 /* Release */ = {
			isa = XCBuildConfiguration;
			buildSettings = {
				ALWAYS_EMBED_SWIFT_STANDARD_LIBRARIES = YES;
				BUNDLE_LOADER = "$(TEST_HOST)";
				CODE_SIGN_STYLE = Automatic;
				CURRENT_PROJECT_VERSION = 1;
				DEVELOPMENT_TEAM = P6K8M6RQ2W;
				GENERATE_INFOPLIST_FILE = YES;
				IPHONEOS_DEPLOYMENT_TARGET = 17.0;
				MARKETING_VERSION = 1.0;
				PRODUCT_BUNDLE_IDENTIFIER = com.r.t.astronomy.TCASampleTests;
				PRODUCT_NAME = "$(TARGET_NAME)";
				SWIFT_EMIT_LOC_STRINGS = NO;
				SWIFT_VERSION = 5.0;
				TARGETED_DEVICE_FAMILY = "1,2";
				TEST_HOST = "$(BUILT_PRODUCTS_DIR)/TCASample.app/$(BUNDLE_EXECUTABLE_FOLDER_PATH)/TCASample";
			};
			name = Release;
		};
		246AB8912A9742DB00F89453 /* Debug */ = {
			isa = XCBuildConfiguration;
			buildSettings = {
				ALWAYS_EMBED_SWIFT_STANDARD_LIBRARIES = YES;
				CODE_SIGN_STYLE = Automatic;
				CURRENT_PROJECT_VERSION = 1;
				DEVELOPMENT_TEAM = P6K8M6RQ2W;
				GENERATE_INFOPLIST_FILE = YES;
				MARKETING_VERSION = 1.0;
				PRODUCT_BUNDLE_IDENTIFIER = com.r.t.astronomy.TCASampleUITests;
				PRODUCT_NAME = "$(TARGET_NAME)";
				SWIFT_EMIT_LOC_STRINGS = NO;
				SWIFT_VERSION = 5.0;
				TARGETED_DEVICE_FAMILY = "1,2";
				TEST_TARGET_NAME = TCASample;
			};
			name = Debug;
		};
		246AB8922A9742DB00F89453 /* Release */ = {
			isa = XCBuildConfiguration;
			buildSettings = {
				ALWAYS_EMBED_SWIFT_STANDARD_LIBRARIES = YES;
				CODE_SIGN_STYLE = Automatic;
				CURRENT_PROJECT_VERSION = 1;
				DEVELOPMENT_TEAM = P6K8M6RQ2W;
				GENERATE_INFOPLIST_FILE = YES;
				MARKETING_VERSION = 1.0;
				PRODUCT_BUNDLE_IDENTIFIER = com.r.t.astronomy.TCASampleUITests;
				PRODUCT_NAME = "$(TARGET_NAME)";
				SWIFT_EMIT_LOC_STRINGS = NO;
				SWIFT_VERSION = 5.0;
				TARGETED_DEVICE_FAMILY = "1,2";
				TEST_TARGET_NAME = TCASample;
			};
			name = Release;
		};
/* End XCBuildConfiguration section */

/* Begin XCConfigurationList section */
		246AB8612A9742D700F89453 /* Build configuration list for PBXProject "TCASample" */ = {
			isa = XCConfigurationList;
			buildConfigurations = (
				246AB8882A9742DB00F89453 /* Debug */,
				246AB8892A9742DB00F89453 /* Release */,
			);
			defaultConfigurationIsVisible = 0;
			defaultConfigurationName = Release;
		};
		246AB88A2A9742DB00F89453 /* Build configuration list for PBXNativeTarget "TCASample" */ = {
			isa = XCConfigurationList;
			buildConfigurations = (
				246AB88B2A9742DB00F89453 /* Debug */,
				246AB88C2A9742DB00F89453 /* Release */,
			);
			defaultConfigurationIsVisible = 0;
			defaultConfigurationName = Release;
		};
		246AB88D2A9742DB00F89453 /* Build configuration list for PBXNativeTarget "TCASampleTests" */ = {
			isa = XCConfigurationList;
			buildConfigurations = (
				246AB88E2A9742DB00F89453 /* Debug */,
				246AB88F2A9742DB00F89453 /* Release */,
			);
			defaultConfigurationIsVisible = 0;
			defaultConfigurationName = Release;
		};
		246AB8902A9742DB00F89453 /* Build configuration list for PBXNativeTarget "TCASampleUITests" */ = {
			isa = XCConfigurationList;
			buildConfigurations = (
				246AB8912A9742DB00F89453 /* Debug */,
				246AB8922A9742DB00F89453 /* Release */,
			);
			defaultConfigurationIsVisible = 0;
			defaultConfigurationName = Release;
		};
/* End XCConfigurationList section */

/* Begin XCRemoteSwiftPackageReference section */
		246AB8932A975AF800F89453 /* XCRemoteSwiftPackageReference "swift-composable-architecture" */ = {
			isa = XCRemoteSwiftPackageReference;
			repositoryURL = "https://github.com/pointfreeco/swift-composable-architecture.git";
			requirement = {
				kind = upToNextMajorVersion;
				minimumVersion = 1.2.0;
			};
		};
/* End XCRemoteSwiftPackageReference section */

/* Begin XCSwiftPackageProductDependency section */
		246AB8942A975AF800F89453 /* ComposableArchitecture */ = {
			isa = XCSwiftPackageProductDependency;
			package = 246AB8932A975AF800F89453 /* XCRemoteSwiftPackageReference "swift-composable-architecture" */;
			productName = ComposableArchitecture;
		};
/* End XCSwiftPackageProductDependency section */
	};
	rootObject = 246AB85E2A9742D700F89453 /* Project object */;
}
